
Microsoft Visual Studio Solution File, Format Version 12.00
# Visual Studio Version 16
VisualStudioVersion = 16.0.29926.136
MinimumVisualStudioVersion = 10.0.40219.1
Project("{F2A71F9B-5D33-465A-A702-920D77279786}") = "MindTrick", "MindTrick\MindTrick.fsproj", "{EEEAFDD4-6ACC-48D5-A9FF-AE344D870755}"
EndProject
Global
	GlobalSection(SolutionConfigurationPlatforms) = preSolution
		Debug|Any CPU = Debug|Any CPU
		Release|Any CPU = Release|Any CPU
	EndGlobalSection
	GlobalSection(ProjectConfigurationPlatforms) = postSolution
		{EEEAFDD4-6ACC-48D5-A9FF-AE344D870755}.Debug|Any CPU.ActiveCfg = Debug|Any CPU
		{EEEAFDD4-6ACC-48D5-A9FF-AE344D870755}.Debug|Any CPU.Build.0 = Debug|Any CPU
		{EEEAFDD4-6ACC-48D5-A9FF-AE344D870755}.Release|Any CPU.ActiveCfg = Release|Any CPU
		{EEEAFDD4-6ACC-48D5-A9FF-AE344D870755}.Release|Any CPU.Build.0 = Release|Any CPU
	EndGlobalSection
	GlobalSection(SolutionProperties) = preSolution
		HideSolutionNode = FALSE
	EndGlobalSection
	GlobalSection(ExtensibilityGlobals) = postSolution
		SolutionGuid = {E0D82A56-C42D-4FBF-A940-163E8568A328}
	EndGlobalSection
EndGlobal
